
Microsoft Visual Studio Solution File, Format Version 12.00
# Visual Studio Version 16
VisualStudioVersion = 16.0.29102.190
MinimumVisualStudioVersion = 10.0.40219.1
Project("{9A19103F-16F7-4668-BE54-9A1E7A4F7556}") = "MyVet.Common", "MyVet.Common\MyVet.Common.csproj", "{E0791AAF-BAE6-4FD1-9528-BFA7BC9BAF6E}"
EndProject
Project("{9A19103F-16F7-4668-BE54-9A1E7A4F7556}") = "MyVet.Web", "MyVet.Web\MyVet.Web.csproj", "{E05ABCE8-872D-4771-964A-EB73BEC9D222}"
EndProject
Project("{FAE04EC0-301F-11D3-BF4B-00C04F79EFBC}") = "MyVet.Prism", "MyVet.Prism\MyVet.Prism\MyVet.Prism.csproj", "{7F23184F-A9F7-4320-BC95-08B85D6E3720}"
EndProject
Project("{FAE04EC0-301F-11D3-BF4B-00C04F79EFBC}") = "MyVet.Prism.Android", "MyVet.Prism\MyVet.Prism.Android\MyVet.Prism.Android.csproj", "{FFED48A7-1B21-4294-8287-E14D789275EC}"
EndProject
Project("{FAE04EC0-301F-11D3-BF4B-00C04F79EFBC}") = "MyVet.Prism.iOS", "MyVet.Prism\MyVet.Prism.iOS\MyVet.Prism.iOS.csproj", "{0386199F-2654-408C-9EE5-C361EB582CF8}"
EndProject
Project("{FAE04EC0-301F-11D3-BF4B-00C04F79EFBC}") = "MyVet.Prism.UWP", "MyVet.Prism\MyVet.Prism.UWP\MyVet.Prism.UWP.csproj", "{9024F69B-4431-496E-AFDA-C4E0B734FE6B}"
EndProject
Global
	GlobalSection(SolutionConfigurationPlatforms) = preSolution
		Ad-Hoc|Any CPU = Ad-Hoc|Any CPU
		Ad-Hoc|ARM = Ad-Hoc|ARM
		Ad-Hoc|iPhone = Ad-Hoc|iPhone
		Ad-Hoc|iPhoneSimulator = Ad-Hoc|iPhoneSimulator
		Ad-Hoc|x64 = Ad-Hoc|x64
		Ad-Hoc|x86 = Ad-Hoc|x86
		AppStore|Any CPU = AppStore|Any CPU
		AppStore|ARM = AppStore|ARM
		AppStore|iPhone = AppStore|iPhone
		AppStore|iPhoneSimulator = AppStore|iPhoneSimulator
		AppStore|x64 = AppStore|x64
		AppStore|x86 = AppStore|x86
		Debug|Any CPU = Debug|Any CPU
		Debug|ARM = Debug|ARM
		Debug|iPhone = Debug|iPhone
		Debug|iPhoneSimulator = Debug|iPhoneSimulator
		Debug|x64 = Debug|x64
		Debug|x86 = Debug|x86
		Release|Any CPU = Release|Any CPU
		Release|ARM = Release|ARM
		Release|iPhone = Release|iPhone
		Release|iPhoneSimulator = Release|iPhoneSimulator
		Release|x64 = Release|x64
		Release|x86 = Release|x86
	EndGlobalSection
	GlobalSection(ProjectConfigurationPlatforms) = postSolution
		{E0791AAF-BAE6-4FD1-9528-BFA7BC9BAF6E}.Ad-Hoc|Any CPU.ActiveCfg = Release|Any CPU
		{E0791AAF-BAE6-4FD1-9528-BFA7BC9BAF6E}.Ad-Hoc|Any CPU.Build.0 = Release|Any CPU
		{E0791AAF-BAE6-4FD1-9528-BFA7BC9BAF6E}.Ad-Hoc|ARM.ActiveCfg = Release|Any CPU
		{E0791AAF-BAE6-4FD1-9528-BFA7BC9BAF6E}.Ad-Hoc|ARM.Build.0 = Release|Any CPU
		{E0791AAF-BAE6-4FD1-9528-BFA7BC9BAF6E}.Ad-Hoc|iPhone.ActiveCfg = Release|Any CPU
		{E0791AAF-BAE6-4FD1-9528-BFA7BC9BAF6E}.Ad-Hoc|iPhone.Build.0 = Release|Any CPU
		{E0791AAF-BAE6-4FD1-9528-BFA7BC9BAF6E}.Ad-Hoc|iPhoneSimulator.ActiveCfg = Release|Any CPU
		{E0791AAF-BAE6-4FD1-9528-BFA7BC9BAF6E}.Ad-Hoc|iPhoneSimulator.Build.0 = Release|Any CPU
		{E0791AAF-BAE6-4FD1-9528-BFA7BC9BAF6E}.Ad-Hoc|x64.ActiveCfg = Release|Any CPU
		{E0791AAF-BAE6-4FD1-9528-BFA7BC9BAF6E}.Ad-Hoc|x64.Build.0 = Release|Any CPU
		{E0791AAF-BAE6-4FD1-9528-BFA7BC9BAF6E}.Ad-Hoc|x86.ActiveCfg = Release|Any CPU
		{E0791AAF-BAE6-4FD1-9528-BFA7BC9BAF6E}.Ad-Hoc|x86.Build.0 = Release|Any CPU
		{E0791AAF-BAE6-4FD1-9528-BFA7BC9BAF6E}.AppStore|Any CPU.ActiveCfg = Release|Any CPU
		{E0791AAF-BAE6-4FD1-9528-BFA7BC9BAF6E}.AppStore|Any CPU.Build.0 = Release|Any CPU
		{E0791AAF-BAE6-4FD1-9528-BFA7BC9BAF6E}.AppStore|ARM.ActiveCfg = Release|Any CPU
		{E0791AAF-BAE6-4FD1-9528-BFA7BC9BAF6E}.AppStore|ARM.Build.0 = Release|Any CPU
		{E0791AAF-BAE6-4FD1-9528-BFA7BC9BAF6E}.AppStore|iPhone.ActiveCfg = Release|Any CPU
		{E0791AAF-BAE6-4FD1-9528-BFA7BC9BAF6E}.AppStore|iPhone.Build.0 = Release|Any CPU
		{E0791AAF-BAE6-4FD1-9528-BFA7BC9BAF6E}.AppStore|iPhoneSimulator.ActiveCfg = Release|Any CPU
		{E0791AAF-BAE6-4FD1-9528-BFA7BC9BAF6E}.AppStore|iPhoneSimulator.Build.0 = Release|Any CPU
		{E0791AAF-BAE6-4FD1-9528-BFA7BC9BAF6E}.AppStore|x64.ActiveCfg = Release|Any CPU
		{E0791AAF-BAE6-4FD1-9528-BFA7BC9BAF6E}.AppStore|x64.Build.0 = Release|Any CPU
		{E0791AAF-BAE6-4FD1-9528-BFA7BC9BAF6E}.AppStore|x86.ActiveCfg = Release|Any CPU
		{E0791AAF-BAE6-4FD1-9528-BFA7BC9BAF6E}.AppStore|x86.Build.0 = Release|Any CPU
		{E0791AAF-BAE6-4FD1-9528-BFA7BC9BAF6E}.Debug|Any CPU.ActiveCfg = Debug|Any CPU
		{E0791AAF-BAE6-4FD1-9528-BFA7BC9BAF6E}.Debug|Any CPU.Build.0 = Debug|Any CPU
		{E0791AAF-BAE6-4FD1-9528-BFA7BC9BAF6E}.Debug|ARM.ActiveCfg = Debug|Any CPU
		{E0791AAF-BAE6-4FD1-9528-BFA7BC9BAF6E}.Debug|ARM.Build.0 = Debug|Any CPU
		{E0791AAF-BAE6-4FD1-9528-BFA7BC9BAF6E}.Debug|iPhone.ActiveCfg = Debug|Any CPU
		{E0791AAF-BAE6-4FD1-9528-BFA7BC9BAF6E}.Debug|iPhone.Build.0 = Debug|Any CPU
		{E0791AAF-BAE6-4FD1-9528-BFA7BC9BAF6E}.Debug|iPhoneSimulator.ActiveCfg = Debug|Any CPU
		{E0791AAF-BAE6-4FD1-9528-BFA7BC9BAF6E}.Debug|iPhoneSimulator.Build.0 = Debug|Any CPU
		{E0791AAF-BAE6-4FD1-9528-BFA7BC9BAF6E}.Debug|x64.ActiveCfg = Debug|Any CPU
		{E0791AAF-BAE6-4FD1-9528-BFA7BC9BAF6E}.Debug|x64.Build.0 = Debug|Any CPU
		{E0791AAF-BAE6-4FD1-9528-BFA7BC9BAF6E}.Debug|x86.ActiveCfg = Debug|Any CPU
		{E0791AAF-BAE6-4FD1-9528-BFA7BC9BAF6E}.Debug|x86.Build.0 = Debug|Any CPU
		{E0791AAF-BAE6-4FD1-9528-BFA7BC9BAF6E}.Release|Any CPU.ActiveCfg = Release|Any CPU
		{E0791AAF-BAE6-4FD1-9528-BFA7BC9BAF6E}.Release|Any CPU.Build.0 = Release|Any CPU
		{E0791AAF-BAE6-4FD1-9528-BFA7BC9BAF6E}.Release|ARM.ActiveCfg = Release|Any CPU
		{E0791AAF-BAE6-4FD1-9528-BFA7BC9BAF6E}.Release|ARM.Build.0 = Release|Any CPU
		{E0791AAF-BAE6-4FD1-9528-BFA7BC9BAF6E}.Release|iPhone.ActiveCfg = Release|Any CPU
		{E0791AAF-BAE6-4FD1-9528-BFA7BC9BAF6E}.Release|iPhone.Build.0 = Release|Any CPU
		{E0791AAF-BAE6-4FD1-9528-BFA7BC9BAF6E}.Release|iPhoneSimulator.ActiveCfg = Release|Any CPU
		{E0791AAF-BAE6-4FD1-9528-BFA7BC9BAF6E}.Release|iPhoneSimulator.Build.0 = Release|Any CPU
		{E0791AAF-BAE6-4FD1-9528-BFA7BC9BAF6E}.Release|x64.ActiveCfg = Release|Any CPU
		{E0791AAF-BAE6-4FD1-9528-BFA7BC9BAF6E}.Release|x64.Build.0 = Release|Any CPU
		{E0791AAF-BAE6-4FD1-9528-BFA7BC9BAF6E}.Release|x86.ActiveCfg = Release|Any CPU
		{E0791AAF-BAE6-4FD1-9528-BFA7BC9BAF6E}.Release|x86.Build.0 = Release|Any CPU
		{E05ABCE8-872D-4771-964A-EB73BEC9D222}.Ad-Hoc|Any CPU.ActiveCfg = Release|Any CPU
		{E05ABCE8-872D-4771-964A-EB73BEC9D222}.Ad-Hoc|Any CPU.Build.0 = Release|Any CPU
		{E05ABCE8-872D-4771-964A-EB73BEC9D222}.Ad-Hoc|ARM.ActiveCfg = Release|Any CPU
		{E05ABCE8-872D-4771-964A-EB73BEC9D222}.Ad-Hoc|ARM.Build.0 = Release|Any CPU
		{E05ABCE8-872D-4771-964A-EB73BEC9D222}.Ad-Hoc|iPhone.ActiveCfg = Release|Any CPU
		{E05ABCE8-872D-4771-964A-EB73BEC9D222}.Ad-Hoc|iPhone.Build.0 = Release|Any CPU
		{E05ABCE8-872D-4771-964A-EB73BEC9D222}.Ad-Hoc|iPhoneSimulator.ActiveCfg = Release|Any CPU
		{E05ABCE8-872D-4771-964A-EB73BEC9D222}.Ad-Hoc|iPhoneSimulator.Build.0 = Release|Any CPU
		{E05ABCE8-872D-4771-964A-EB73BEC9D222}.Ad-Hoc|x64.ActiveCfg = Release|Any CPU
		{E05ABCE8-872D-4771-964A-EB73BEC9D222}.Ad-Hoc|x64.Build.0 = Release|Any CPU
		{E05ABCE8-872D-4771-964A-EB73BEC9D222}.Ad-Hoc|x86.ActiveCfg = Release|Any CPU
		{E05ABCE8-872D-4771-964A-EB73BEC9D222}.Ad-Hoc|x86.Build.0 = Release|Any CPU
		{E05ABCE8-872D-4771-964A-EB73BEC9D222}.AppStore|Any CPU.ActiveCfg = Release|Any CPU
		{E05ABCE8-872D-4771-964A-EB73BEC9D222}.AppStore|Any CPU.Build.0 = Release|Any CPU
		{E05ABCE8-872D-4771-964A-EB73BEC9D222}.AppStore|ARM.ActiveCfg = Release|Any CPU
		{E05ABCE8-872D-4771-964A-EB73BEC9D222}.AppStore|ARM.Build.0 = Release|Any CPU
		{E05ABCE8-872D-4771-964A-EB73BEC9D222}.AppStore|iPhone.ActiveCfg = Release|Any CPU
		{E05ABCE8-872D-4771-964A-EB73BEC9D222}.AppStore|iPhone.Build.0 = Release|Any CPU
		{E05ABCE8-872D-4771-964A-EB73BEC9D222}.AppStore|iPhoneSimulator.ActiveCfg = Release|Any CPU
		{E05ABCE8-872D-4771-964A-EB73BEC9D222}.AppStore|iPhoneSimulator.Build.0 = Release|Any CPU
		{E05ABCE8-872D-4771-964A-EB73BEC9D222}.AppStore|x64.ActiveCfg = Release|Any CPU
		{E05ABCE8-872D-4771-964A-EB73BEC9D222}.AppStore|x64.Build.0 = Release|Any CPU
		{E05ABCE8-872D-4771-964A-EB73BEC9D222}.AppStore|x86.ActiveCfg = Release|Any CPU
		{E05ABCE8-872D-4771-964A-EB73BEC9D222}.AppStore|x86.Build.0 = Release|Any CPU
		{E05ABCE8-872D-4771-964A-EB73BEC9D222}.Debug|Any CPU.ActiveCfg = Debug|Any CPU
		{E05ABCE8-872D-4771-964A-EB73BEC9D222}.Debug|Any CPU.Build.0 = Debug|Any CPU
		{E05ABCE8-872D-4771-964A-EB73BEC9D222}.Debug|ARM.ActiveCfg = Debug|Any CPU
		{E05ABCE8-872D-4771-964A-EB73BEC9D222}.Debug|ARM.Build.0 = Debug|Any CPU
		{E05ABCE8-872D-4771-964A-EB73BEC9D222}.Debug|iPhone.ActiveCfg = Debug|Any CPU
		{E05ABCE8-872D-4771-964A-EB73BEC9D222}.Debug|iPhone.Build.0 = Debug|Any CPU
		{E05ABCE8-872D-4771-964A-EB73BEC9D222}.Debug|iPhoneSimulator.ActiveCfg = Debug|Any CPU
		{E05ABCE8-872D-4771-964A-EB73BEC9D222}.Debug|iPhoneSimulator.Build.0 = Debug|Any CPU
		{E05ABCE8-872D-4771-964A-EB73BEC9D222}.Debug|x64.ActiveCfg = Debug|Any CPU
		{E05ABCE8-872D-4771-964A-EB73BEC9D222}.Debug|x64.Build.0 = Debug|Any CPU
		{E05ABCE8-872D-4771-964A-EB73BEC9D222}.Debug|x86.ActiveCfg = Debug|Any CPU
		{E05ABCE8-872D-4771-964A-EB73BEC9D222}.Debug|x86.Build.0 = Debug|Any CPU
		{E05ABCE8-872D-4771-964A-EB73BEC9D222}.Release|Any CPU.ActiveCfg = Release|Any CPU
		{E05ABCE8-872D-4771-964A-EB73BEC9D222}.Release|Any CPU.Build.0 = Release|Any CPU
		{E05ABCE8-872D-4771-964A-EB73BEC9D222}.Release|ARM.ActiveCfg = Release|Any CPU
		{E05ABCE8-872D-4771-964A-EB73BEC9D222}.Release|ARM.Build.0 = Release|Any CPU
		{E05ABCE8-872D-4771-964A-EB73BEC9D222}.Release|iPhone.ActiveCfg = Release|Any CPU
		{E05ABCE8-872D-4771-964A-EB73BEC9D222}.Release|iPhone.Build.0 = Release|Any CPU
		{E05ABCE8-872D-4771-964A-EB73BEC9D222}.Release|iPhoneSimulator.ActiveCfg = Release|Any CPU
		{E05ABCE8-872D-4771-964A-EB73BEC9D222}.Release|iPhoneSimulator.Build.0 = Release|Any CPU
		{E05ABCE8-872D-4771-964A-EB73BEC9D222}.Release|x64.ActiveCfg = Release|Any CPU
		{E05ABCE8-872D-4771-964A-EB73BEC9D222}.Release|x64.Build.0 = Release|Any CPU
		{E05ABCE8-872D-4771-964A-EB73BEC9D222}.Release|x86.ActiveCfg = Release|Any CPU
		{E05ABCE8-872D-4771-964A-EB73BEC9D222}.Release|x86.Build.0 = Release|Any CPU
		{7F23184F-A9F7-4320-BC95-08B85D6E3720}.Ad-Hoc|Any CPU.ActiveCfg = Debug|Any CPU
		{7F23184F-A9F7-4320-BC95-08B85D6E3720}.Ad-Hoc|Any CPU.Build.0 = Debug|Any CPU
		{7F23184F-A9F7-4320-BC95-08B85D6E3720}.Ad-Hoc|ARM.ActiveCfg = Debug|Any CPU
		{7F23184F-A9F7-4320-BC95-08B85D6E3720}.Ad-Hoc|ARM.Build.0 = Debug|Any CPU
		{7F23184F-A9F7-4320-BC95-08B85D6E3720}.Ad-Hoc|iPhone.ActiveCfg = Debug|Any CPU
		{7F23184F-A9F7-4320-BC95-08B85D6E3720}.Ad-Hoc|iPhone.Build.0 = Debug|Any CPU
		{7F23184F-A9F7-4320-BC95-08B85D6E3720}.Ad-Hoc|iPhoneSimulator.ActiveCfg = Debug|Any CPU
		{7F23184F-A9F7-4320-BC95-08B85D6E3720}.Ad-Hoc|iPhoneSimulator.Build.0 = Debug|Any CPU
		{7F23184F-A9F7-4320-BC95-08B85D6E3720}.Ad-Hoc|x64.ActiveCfg = Debug|Any CPU
		{7F23184F-A9F7-4320-BC95-08B85D6E3720}.Ad-Hoc|x64.Build.0 = Debug|Any CPU
		{7F23184F-A9F7-4320-BC95-08B85D6E3720}.Ad-Hoc|x86.ActiveCfg = Debug|Any CPU
		{7F23184F-A9F7-4320-BC95-08B85D6E3720}.Ad-Hoc|x86.Build.0 = Debug|Any CPU
		{7F23184F-A9F7-4320-BC95-08B85D6E3720}.AppStore|Any CPU.ActiveCfg = Debug|Any CPU
		{7F23184F-A9F7-4320-BC95-08B85D6E3720}.AppStore|Any CPU.Build.0 = Debug|Any CPU
		{7F23184F-A9F7-4320-BC95-08B85D6E3720}.AppStore|ARM.ActiveCfg = Debug|Any CPU
		{7F23184F-A9F7-4320-BC95-08B85D6E3720}.AppStore|ARM.Build.0 = Debug|Any CPU
		{7F23184F-A9F7-4320-BC95-08B85D6E3720}.AppStore|iPhone.ActiveCfg = Debug|Any CPU
		{7F23184F-A9F7-4320-BC95-08B85D6E3720}.AppStore|iPhone.Build.0 = Debug|Any CPU
		{7F23184F-A9F7-4320-BC95-08B85D6E3720}.AppStore|iPhoneSimulator.ActiveCfg = Debug|Any CPU
		{7F23184F-A9F7-4320-BC95-08B85D6E3720}.AppStore|iPhoneSimulator.Build.0 = Debug|Any CPU
		{7F23184F-A9F7-4320-BC95-08B85D6E3720}.AppStore|x64.ActiveCfg = Debug|Any CPU
		{7F23184F-A9F7-4320-BC95-08B85D6E3720}.AppStore|x64.Build.0 = Debug|Any CPU
		{7F23184F-A9F7-4320-BC95-08B85D6E3720}.AppStore|x86.ActiveCfg = Debug|Any CPU
		{7F23184F-A9F7-4320-BC95-08B85D6E3720}.AppStore|x86.Build.0 = Debug|Any CPU
		{7F23184F-A9F7-4320-BC95-08B85D6E3720}.Debug|Any CPU.ActiveCfg = Debug|Any CPU
		{7F23184F-A9F7-4320-BC95-08B85D6E3720}.Debug|Any CPU.Build.0 = Debug|Any CPU
		{7F23184F-A9F7-4320-BC95-08B85D6E3720}.Debug|ARM.ActiveCfg = Debug|Any CPU
		{7F23184F-A9F7-4320-BC95-08B85D6E3720}.Debug|ARM.Build.0 = Debug|Any CPU
		{7F23184F-A9F7-4320-BC95-08B85D6E3720}.Debug|iPhone.ActiveCfg = Debug|Any CPU
		{7F23184F-A9F7-4320-BC95-08B85D6E3720}.Debug|iPhone.Build.0 = Debug|Any CPU
		{7F23184F-A9F7-4320-BC95-08B85D6E3720}.Debug|iPhoneSimulator.ActiveCfg = Debug|Any CPU
		{7F23184F-A9F7-4320-BC95-08B85D6E3720}.Debug|iPhoneSimulator.Build.0 = Debug|Any CPU
		{7F23184F-A9F7-4320-BC95-08B85D6E3720}.Debug|x64.ActiveCfg = Debug|Any CPU
		{7F23184F-A9F7-4320-BC95-08B85D6E3720}.Debug|x64.Build.0 = Debug|Any CPU
		{7F23184F-A9F7-4320-BC95-08B85D6E3720}.Debug|x86.ActiveCfg = Debug|Any CPU
		{7F23184F-A9F7-4320-BC95-08B85D6E3720}.Debug|x86.Build.0 = Debug|Any CPU
		{7F23184F-A9F7-4320-BC95-08B85D6E3720}.Release|Any CPU.ActiveCfg = Release|Any CPU
		{7F23184F-A9F7-4320-BC95-08B85D6E3720}.Release|Any CPU.Build.0 = Release|Any CPU
		{7F23184F-A9F7-4320-BC95-08B85D6E3720}.Release|ARM.ActiveCfg = Release|Any CPU
		{7F23184F-A9F7-4320-BC95-08B85D6E3720}.Release|ARM.Build.0 = Release|Any CPU
		{7F23184F-A9F7-4320-BC95-08B85D6E3720}.Release|iPhone.ActiveCfg = Release|Any CPU
		{7F23184F-A9F7-4320-BC95-08B85D6E3720}.Release|iPhone.Build.0 = Release|Any CPU
		{7F23184F-A9F7-4320-BC95-08B85D6E3720}.Release|iPhoneSimulator.ActiveCfg = Release|Any CPU
		{7F23184F-A9F7-4320-BC95-08B85D6E3720}.Release|iPhoneSimulator.Build.0 = Release|Any CPU
		{7F23184F-A9F7-4320-BC95-08B85D6E3720}.Release|x64.ActiveCfg = Release|Any CPU
		{7F23184F-A9F7-4320-BC95-08B85D6E3720}.Release|x64.Build.0 = Release|Any CPU
		{7F23184F-A9F7-4320-BC95-08B85D6E3720}.Release|x86.ActiveCfg = Release|Any CPU
		{7F23184F-A9F7-4320-BC95-08B85D6E3720}.Release|x86.Build.0 = Release|Any CPU
		{FFED48A7-1B21-4294-8287-E14D789275EC}.Ad-Hoc|Any CPU.ActiveCfg = Release|Any CPU
		{FFED48A7-1B21-4294-8287-E14D789275EC}.Ad-Hoc|Any CPU.Build.0 = Release|Any CPU
		{FFED48A7-1B21-4294-8287-E14D789275EC}.Ad-Hoc|Any CPU.Deploy.0 = Release|Any CPU
		{FFED48A7-1B21-4294-8287-E14D789275EC}.Ad-Hoc|ARM.ActiveCfg = Release|Any CPU
		{FFED48A7-1B21-4294-8287-E14D789275EC}.Ad-Hoc|ARM.Build.0 = Release|Any CPU
		{FFED48A7-1B21-4294-8287-E14D789275EC}.Ad-Hoc|ARM.Deploy.0 = Release|Any CPU
		{FFED48A7-1B21-4294-8287-E14D789275EC}.Ad-Hoc|iPhone.ActiveCfg = Release|Any CPU
		{FFED48A7-1B21-4294-8287-E14D789275EC}.Ad-Hoc|iPhone.Build.0 = Release|Any CPU
		{FFED48A7-1B21-4294-8287-E14D789275EC}.Ad-Hoc|iPhone.Deploy.0 = Release|Any CPU
		{FFED48A7-1B21-4294-8287-E14D789275EC}.Ad-Hoc|iPhoneSimulator.ActiveCfg = Release|Any CPU
		{FFED48A7-1B21-4294-8287-E14D789275EC}.Ad-Hoc|iPhoneSimulator.Build.0 = Release|Any CPU
		{FFED48A7-1B21-4294-8287-E14D789275EC}.Ad-Hoc|iPhoneSimulator.Deploy.0 = Release|Any CPU
		{FFED48A7-1B21-4294-8287-E14D789275EC}.Ad-Hoc|x64.ActiveCfg = Release|Any CPU
		{FFED48A7-1B21-4294-8287-E14D789275EC}.Ad-Hoc|x64.Build.0 = Release|Any CPU
		{FFED48A7-1B21-4294-8287-E14D789275EC}.Ad-Hoc|x64.Deploy.0 = Release|Any CPU
		{FFED48A7-1B21-4294-8287-E14D789275EC}.Ad-Hoc|x86.ActiveCfg = Release|Any CPU
		{FFED48A7-1B21-4294-8287-E14D789275EC}.Ad-Hoc|x86.Build.0 = Release|Any CPU
		{FFED48A7-1B21-4294-8287-E14D789275EC}.Ad-Hoc|x86.Deploy.0 = Release|Any CPU
		{FFED48A7-1B21-4294-8287-E14D789275EC}.AppStore|Any CPU.ActiveCfg = Release|Any CPU
		{FFED48A7-1B21-4294-8287-E14D789275EC}.AppStore|Any CPU.Build.0 = Release|Any CPU
		{FFED48A7-1B21-4294-8287-E14D789275EC}.AppStore|Any CPU.Deploy.0 = Release|Any CPU
		{FFED48A7-1B21-4294-8287-E14D789275EC}.AppStore|ARM.ActiveCfg = Release|Any CPU
		{FFED48A7-1B21-4294-8287-E14D789275EC}.AppStore|ARM.Build.0 = Release|Any CPU
		{FFED48A7-1B21-4294-8287-E14D789275EC}.AppStore|ARM.Deploy.0 = Release|Any CPU
		{FFED48A7-1B21-4294-8287-E14D789275EC}.AppStore|iPhone.ActiveCfg = Release|Any CPU
		{FFED48A7-1B21-4294-8287-E14D789275EC}.AppStore|iPhone.Build.0 = Release|Any CPU
		{FFED48A7-1B21-4294-8287-E14D789275EC}.AppStore|iPhone.Deploy.0 = Release|Any CPU
		{FFED48A7-1B21-4294-8287-E14D789275EC}.AppStore|iPhoneSimulator.ActiveCfg = Release|Any CPU
		{FFED48A7-1B21-4294-8287-E14D789275EC}.AppStore|iPhoneSimulator.Build.0 = Release|Any CPU
		{FFED48A7-1B21-4294-8287-E14D789275EC}.AppStore|iPhoneSimulator.Deploy.0 = Release|Any CPU
		{FFED48A7-1B21-4294-8287-E14D789275EC}.AppStore|x64.ActiveCfg = Release|Any CPU
		{FFED48A7-1B21-4294-8287-E14D789275EC}.AppStore|x64.Build.0 = Release|Any CPU
		{FFED48A7-1B21-4294-8287-E14D789275EC}.AppStore|x64.Deploy.0 = Release|Any CPU
		{FFED48A7-1B21-4294-8287-E14D789275EC}.AppStore|x86.ActiveCfg = Release|Any CPU
		{FFED48A7-1B21-4294-8287-E14D789275EC}.AppStore|x86.Build.0 = Release|Any CPU
		{FFED48A7-1B21-4294-8287-E14D789275EC}.AppStore|x86.Deploy.0 = Release|Any CPU
		{FFED48A7-1B21-4294-8287-E14D789275EC}.Debug|Any CPU.ActiveCfg = Debug|Any CPU
		{FFED48A7-1B21-4294-8287-E14D789275EC}.Debug|Any CPU.Build.0 = Debug|Any CPU
		{FFED48A7-1B21-4294-8287-E14D789275EC}.Debug|Any CPU.Deploy.0 = Debug|Any CPU
		{FFED48A7-1B21-4294-8287-E14D789275EC}.Debug|ARM.ActiveCfg = Debug|Any CPU
		{FFED48A7-1B21-4294-8287-E14D789275EC}.Debug|ARM.Build.0 = Debug|Any CPU
		{FFED48A7-1B21-4294-8287-E14D789275EC}.Debug|ARM.Deploy.0 = Debug|Any CPU
		{FFED48A7-1B21-4294-8287-E14D789275EC}.Debug|iPhone.ActiveCfg = Debug|Any CPU
		{FFED48A7-1B21-4294-8287-E14D789275EC}.Debug|iPhone.Build.0 = Debug|Any CPU
		{FFED48A7-1B21-4294-8287-E14D789275EC}.Debug|iPhone.Deploy.0 = Debug|Any CPU
		{FFED48A7-1B21-4294-8287-E14D789275EC}.Debug|iPhoneSimulator.ActiveCfg = Debug|Any CPU
		{FFED48A7-1B21-4294-8287-E14D789275EC}.Debug|iPhoneSimulator.Build.0 = Debug|Any CPU
		{FFED48A7-1B21-4294-8287-E14D789275EC}.Debug|iPhoneSimulator.Deploy.0 = Debug|Any CPU
		{FFED48A7-1B21-4294-8287-E14D789275EC}.Debug|x64.ActiveCfg = Debug|Any CPU
		{FFED48A7-1B21-4294-8287-E14D789275EC}.Debug|x64.Build.0 = Debug|Any CPU
		{FFED48A7-1B21-4294-8287-E14D789275EC}.Debug|x64.Deploy.0 = Debug|Any CPU
		{FFED48A7-1B21-4294-8287-E14D789275EC}.Debug|x86.ActiveCfg = Debug|Any CPU
		{FFED48A7-1B21-4294-8287-E14D789275EC}.Debug|x86.Build.0 = Debug|Any CPU
		{FFED48A7-1B21-4294-8287-E14D789275EC}.Debug|x86.Deploy.0 = Debug|Any CPU
		{FFED48A7-1B21-4294-8287-E14D789275EC}.Release|Any CPU.ActiveCfg = Release|Any CPU
		{FFED48A7-1B21-4294-8287-E14D789275EC}.Release|Any CPU.Build.0 = Release|Any CPU
		{FFED48A7-1B21-4294-8287-E14D789275EC}.Release|Any CPU.Deploy.0 = Release|Any CPU
		{FFED48A7-1B21-4294-8287-E14D789275EC}.Release|ARM.ActiveCfg = Release|Any CPU
		{FFED48A7-1B21-4294-8287-E14D789275EC}.Release|ARM.Build.0 = Release|Any CPU
		{FFED48A7-1B21-4294-8287-E14D789275EC}.Release|ARM.Deploy.0 = Release|Any CPU
		{FFED48A7-1B21-4294-8287-E14D789275EC}.Release|iPhone.ActiveCfg = Release|Any CPU
		{FFED48A7-1B21-4294-8287-E14D789275EC}.Release|iPhone.Build.0 = Release|Any CPU
		{FFED48A7-1B21-4294-8287-E14D789275EC}.Release|iPhone.Deploy.0 = Release|Any CPU
		{FFED48A7-1B21-4294-8287-E14D789275EC}.Release|iPhoneSimulator.ActiveCfg = Release|Any CPU
		{FFED48A7-1B21-4294-8287-E14D789275EC}.Release|iPhoneSimulator.Build.0 = Release|Any CPU
		{FFED48A7-1B21-4294-8287-E14D789275EC}.Release|iPhoneSimulator.Deploy.0 = Release|Any CPU
		{FFED48A7-1B21-4294-8287-E14D789275EC}.Release|x64.ActiveCfg = Release|Any CPU
		{FFED48A7-1B21-4294-8287-E14D789275EC}.Release|x64.Build.0 = Release|Any CPU
		{FFED48A7-1B21-4294-8287-E14D789275EC}.Release|x64.Deploy.0 = Release|Any CPU
		{FFED48A7-1B21-4294-8287-E14D789275EC}.Release|x86.ActiveCfg = Release|Any CPU
		{FFED48A7-1B21-4294-8287-E14D789275EC}.Release|x86.Build.0 = Release|Any CPU
		{FFED48A7-1B21-4294-8287-E14D789275EC}.Release|x86.Deploy.0 = Release|Any CPU
		{0386199F-2654-408C-9EE5-C361EB582CF8}.Ad-Hoc|Any CPU.ActiveCfg = Ad-Hoc|iPhone
		{0386199F-2654-408C-9EE5-C361EB582CF8}.Ad-Hoc|ARM.ActiveCfg = Ad-Hoc|iPhone
		{0386199F-2654-408C-9EE5-C361EB582CF8}.Ad-Hoc|iPhone.ActiveCfg = Ad-Hoc|iPhone
		{0386199F-2654-408C-9EE5-C361EB582CF8}.Ad-Hoc|iPhone.Build.0 = Ad-Hoc|iPhone
		{0386199F-2654-408C-9EE5-C361EB582CF8}.Ad-Hoc|iPhoneSimulator.ActiveCfg = Ad-Hoc|iPhoneSimulator
		{0386199F-2654-408C-9EE5-C361EB582CF8}.Ad-Hoc|iPhoneSimulator.Build.0 = Ad-Hoc|iPhoneSimulator
		{0386199F-2654-408C-9EE5-C361EB582CF8}.Ad-Hoc|x64.ActiveCfg = Ad-Hoc|iPhone
		{0386199F-2654-408C-9EE5-C361EB582CF8}.Ad-Hoc|x86.ActiveCfg = Ad-Hoc|iPhone
		{0386199F-2654-408C-9EE5-C361EB582CF8}.AppStore|Any CPU.ActiveCfg = AppStore|iPhone
		{0386199F-2654-408C-9EE5-C361EB582CF8}.AppStore|ARM.ActiveCfg = AppStore|iPhone
		{0386199F-2654-408C-9EE5-C361EB582CF8}.AppStore|iPhone.ActiveCfg = AppStore|iPhone
		{0386199F-2654-408C-9EE5-C361EB582CF8}.AppStore|iPhone.Build.0 = AppStore|iPhone
		{0386199F-2654-408C-9EE5-C361EB582CF8}.AppStore|iPhoneSimulator.ActiveCfg = AppStore|iPhoneSimulator
		{0386199F-2654-408C-9EE5-C361EB582CF8}.AppStore|iPhoneSimulator.Build.0 = AppStore|iPhoneSimulator
		{0386199F-2654-408C-9EE5-C361EB582CF8}.AppStore|x64.ActiveCfg = AppStore|iPhone
		{0386199F-2654-408C-9EE5-C361EB582CF8}.AppStore|x86.ActiveCfg = AppStore|iPhone
		{0386199F-2654-408C-9EE5-C361EB582CF8}.Debug|Any CPU.ActiveCfg = Debug|iPhone
		{0386199F-2654-408C-9EE5-C361EB582CF8}.Debug|ARM.ActiveCfg = Debug|iPhone
		{0386199F-2654-408C-9EE5-C361EB582CF8}.Debug|iPhone.ActiveCfg = Debug|iPhone
		{0386199F-2654-408C-9EE5-C361EB582CF8}.Debug|iPhone.Build.0 = Debug|iPhone
		{0386199F-2654-408C-9EE5-C361EB582CF8}.Debug|iPhoneSimulator.ActiveCfg = Debug|iPhoneSimulator
		{0386199F-2654-408C-9EE5-C361EB582CF8}.Debug|iPhoneSimulator.Build.0 = Debug|iPhoneSimulator
		{0386199F-2654-408C-9EE5-C361EB582CF8}.Debug|x64.ActiveCfg = Debug|iPhone
		{0386199F-2654-408C-9EE5-C361EB582CF8}.Debug|x86.ActiveCfg = Debug|iPhone
		{0386199F-2654-408C-9EE5-C361EB582CF8}.Release|Any CPU.ActiveCfg = Release|iPhone
		{0386199F-2654-408C-9EE5-C361EB582CF8}.Release|ARM.ActiveCfg = Release|iPhone
		{0386199F-2654-408C-9EE5-C361EB582CF8}.Release|iPhone.ActiveCfg = Release|iPhone
		{0386199F-2654-408C-9EE5-C361EB582CF8}.Release|iPhone.Build.0 = Release|iPhone
		{0386199F-2654-408C-9EE5-C361EB582CF8}.Release|iPhoneSimulator.ActiveCfg = Release|iPhoneSimulator
		{0386199F-2654-408C-9EE5-C361EB582CF8}.Release|iPhoneSimulator.Build.0 = Release|iPhoneSimulator
		{0386199F-2654-408C-9EE5-C361EB582CF8}.Release|x64.ActiveCfg = Release|iPhone
		{0386199F-2654-408C-9EE5-C361EB582CF8}.Release|x86.ActiveCfg = Release|iPhone
		{9024F69B-4431-496E-AFDA-C4E0B734FE6B}.Ad-Hoc|Any CPU.ActiveCfg = Release|x86
		{9024F69B-4431-496E-AFDA-C4E0B734FE6B}.Ad-Hoc|Any CPU.Build.0 = Release|x86
		{9024F69B-4431-496E-AFDA-C4E0B734FE6B}.Ad-Hoc|Any CPU.Deploy.0 = Release|x86
		{9024F69B-4431-496E-AFDA-C4E0B734FE6B}.Ad-Hoc|ARM.ActiveCfg = Release|ARM
		{9024F69B-4431-496E-AFDA-C4E0B734FE6B}.Ad-Hoc|ARM.Build.0 = Release|ARM
		{9024F69B-4431-496E-AFDA-C4E0B734FE6B}.Ad-Hoc|ARM.Deploy.0 = Release|ARM
		{9024F69B-4431-496E-AFDA-C4E0B734FE6B}.Ad-Hoc|iPhone.ActiveCfg = Release|x86
		{9024F69B-4431-496E-AFDA-C4E0B734FE6B}.Ad-Hoc|iPhone.Build.0 = Release|x86
		{9024F69B-4431-496E-AFDA-C4E0B734FE6B}.Ad-Hoc|iPhone.Deploy.0 = Release|x86
		{9024F69B-4431-496E-AFDA-C4E0B734FE6B}.Ad-Hoc|iPhoneSimulator.ActiveCfg = Release|x86
		{9024F69B-4431-496E-AFDA-C4E0B734FE6B}.Ad-Hoc|iPhoneSimulator.Build.0 = Release|x86
		{9024F69B-4431-496E-AFDA-C4E0B734FE6B}.Ad-Hoc|iPhoneSimulator.Deploy.0 = Release|x86
		{9024F69B-4431-496E-AFDA-C4E0B734FE6B}.Ad-Hoc|x64.ActiveCfg = Release|x64
		{9024F69B-4431-496E-AFDA-C4E0B734FE6B}.Ad-Hoc|x64.Build.0 = Release|x64
		{9024F69B-4431-496E-AFDA-C4E0B734FE6B}.Ad-Hoc|x64.Deploy.0 = Release|x64
		{9024F69B-4431-496E-AFDA-C4E0B734FE6B}.Ad-Hoc|x86.ActiveCfg = Release|x86
		{9024F69B-4431-496E-AFDA-C4E0B734FE6B}.Ad-Hoc|x86.Build.0 = Release|x86
		{9024F69B-4431-496E-AFDA-C4E0B734FE6B}.Ad-Hoc|x86.Deploy.0 = Release|x86
		{9024F69B-4431-496E-AFDA-C4E0B734FE6B}.AppStore|Any CPU.ActiveCfg = Release|x86
		{9024F69B-4431-496E-AFDA-C4E0B734FE6B}.AppStore|Any CPU.Build.0 = Release|x86
		{9024F69B-4431-496E-AFDA-C4E0B734FE6B}.AppStore|Any CPU.Deploy.0 = Release|x86
		{9024F69B-4431-496E-AFDA-C4E0B734FE6B}.AppStore|ARM.ActiveCfg = Release|ARM
		{9024F69B-4431-496E-AFDA-C4E0B734FE6B}.AppStore|ARM.Build.0 = Release|ARM
		{9024F69B-4431-496E-AFDA-C4E0B734FE6B}.AppStore|ARM.Deploy.0 = Release|ARM
		{9024F69B-4431-496E-AFDA-C4E0B734FE6B}.AppStore|iPhone.ActiveCfg = Release|x86
		{9024F69B-4431-496E-AFDA-C4E0B734FE6B}.AppStore|iPhone.Build.0 = Release|x86
		{9024F69B-4431-496E-AFDA-C4E0B734FE6B}.AppStore|iPhone.Deploy.0 = Release|x86
		{9024F69B-4431-496E-AFDA-C4E0B734FE6B}.AppStore|iPhoneSimulator.ActiveCfg = Release|x86
		{9024F69B-4431-496E-AFDA-C4E0B734FE6B}.AppStore|iPhoneSimulator.Build.0 = Release|x86
		{9024F69B-4431-496E-AFDA-C4E0B734FE6B}.AppStore|iPhoneSimulator.Deploy.0 = Release|x86
		{9024F69B-4431-496E-AFDA-C4E0B734FE6B}.AppStore|x64.ActiveCfg = Release|x64
		{9024F69B-4431-496E-AFDA-C4E0B734FE6B}.AppStore|x64.Build.0 = Release|x64
		{9024F69B-4431-496E-AFDA-C4E0B734FE6B}.AppStore|x64.Deploy.0 = Release|x64
		{9024F69B-4431-496E-AFDA-C4E0B734FE6B}.AppStore|x86.ActiveCfg = Release|x86
		{9024F69B-4431-496E-AFDA-C4E0B734FE6B}.AppStore|x86.Build.0 = Release|x86
		{9024F69B-4431-496E-AFDA-C4E0B734FE6B}.AppStore|x86.Deploy.0 = Release|x86
		{9024F69B-4431-496E-AFDA-C4E0B734FE6B}.Debug|Any CPU.ActiveCfg = Debug|x86
		{9024F69B-4431-496E-AFDA-C4E0B734FE6B}.Debug|ARM.ActiveCfg = Debug|ARM
		{9024F69B-4431-496E-AFDA-C4E0B734FE6B}.Debug|ARM.Build.0 = Debug|ARM
		{9024F69B-4431-496E-AFDA-C4E0B734FE6B}.Debug|ARM.Deploy.0 = Debug|ARM
		{9024F69B-4431-496E-AFDA-C4E0B734FE6B}.Debug|iPhone.ActiveCfg = Debug|x86
		{9024F69B-4431-496E-AFDA-C4E0B734FE6B}.Debug|iPhoneSimulator.ActiveCfg = Debug|x86
		{9024F69B-4431-496E-AFDA-C4E0B734FE6B}.Debug|x64.ActiveCfg = Debug|x64
		{9024F69B-4431-496E-AFDA-C4E0B734FE6B}.Debug|x64.Build.0 = Debug|x64
		{9024F69B-4431-496E-AFDA-C4E0B734FE6B}.Debug|x64.Deploy.0 = Debug|x64
		{9024F69B-4431-496E-AFDA-C4E0B734FE6B}.Debug|x86.ActiveCfg = Debug|x86
		{9024F69B-4431-496E-AFDA-C4E0B734FE6B}.Debug|x86.Build.0 = Debug|x86
		{9024F69B-4431-496E-AFDA-C4E0B734FE6B}.Debug|x86.Deploy.0 = Debug|x86
		{9024F69B-4431-496E-AFDA-C4E0B734FE6B}.Release|Any CPU.ActiveCfg = Release|x86
		{9024F69B-4431-496E-AFDA-C4E0B734FE6B}.Release|ARM.ActiveCfg = Release|ARM
		{9024F69B-4431-496E-AFDA-C4E0B734FE6B}.Release|ARM.Build.0 = Release|ARM
		{9024F69B-4431-496E-AFDA-C4E0B734FE6B}.Release|ARM.Deploy.0 = Release|ARM
		{9024F69B-4431-496E-AFDA-C4E0B734FE6B}.Release|iPhone.ActiveCfg = Release|x86
		{9024F69B-4431-496E-AFDA-C4E0B734FE6B}.Release|iPhoneSimulator.ActiveCfg = Release|x86
		{9024F69B-4431-496E-AFDA-C4E0B734FE6B}.Release|x64.ActiveCfg = Release|x64
		{9024F69B-4431-496E-AFDA-C4E0B734FE6B}.Release|x64.Build.0 = Release|x64
		{9024F69B-4431-496E-AFDA-C4E0B734FE6B}.Release|x64.Deploy.0 = Release|x64
		{9024F69B-4431-496E-AFDA-C4E0B734FE6B}.Release|x86.ActiveCfg = Release|x86
		{9024F69B-4431-496E-AFDA-C4E0B734FE6B}.Release|x86.Build.0 = Release|x86
		{9024F69B-4431-496E-AFDA-C4E0B734FE6B}.Release|x86.Deploy.0 = Release|x86
	EndGlobalSection
	GlobalSection(SolutionProperties) = preSolution
		HideSolutionNode = FALSE
	EndGlobalSection
	GlobalSection(ExtensibilityGlobals) = postSolution
		SolutionGuid = {568E66A1-748F-43DF-B364-62A83F2EB2D4}
	EndGlobalSection
EndGlobal
